
Microsoft Visual Studio Solution File, Format Version 12.00
# Visual Studio 15
VisualStudioVersion = 15.0.26730.16
MinimumVisualStudioVersion = 10.0.40219.1
Project("{FAE04EC0-301F-11D3-BF4B-00C04F79EFBC}") = "DroneLander.Android", "DroneLander\DroneLander.Android\DroneLander.Android.csproj", "{DEA42B2B-2122-4D30-93A7-95316733B5BC}"
EndProject
Project("{FAE04EC0-301F-11D3-BF4B-00C04F79EFBC}") = "DroneLander", "DroneLander\DroneLander\DroneLander.csproj", "{0579BB76-3AEA-495B-B2C3-724D6874DE35}"
EndProject
Project("{FAE04EC0-301F-11D3-BF4B-00C04F79EFBC}") = "DroneLander.UWP", "DroneLander\DroneLander.UWP\DroneLander.UWP.csproj", "{962D76F1-48C0-4467-92F9-14501DB9C182}"
EndProject
Project("{FAE04EC0-301F-11D3-BF4B-00C04F79EFBC}") = "DroneLander.iOS", "DroneLander\DroneLander.iOS\DroneLander.iOS.csproj", "{04F872C7-A8DA-4734-9E2A-8B428217BA52}"
EndProject
Global
	GlobalSection(SolutionConfigurationPlatforms) = preSolution
		Ad-Hoc|Any CPU = Ad-Hoc|Any CPU
		Ad-Hoc|ARM = Ad-Hoc|ARM
		Ad-Hoc|iPhone = Ad-Hoc|iPhone
		Ad-Hoc|iPhoneSimulator = Ad-Hoc|iPhoneSimulator
		Ad-Hoc|x64 = Ad-Hoc|x64
		Ad-Hoc|x86 = Ad-Hoc|x86
		AppStore|Any CPU = AppStore|Any CPU
		AppStore|ARM = AppStore|ARM
		AppStore|iPhone = AppStore|iPhone
		AppStore|iPhoneSimulator = AppStore|iPhoneSimulator
		AppStore|x64 = AppStore|x64
		AppStore|x86 = AppStore|x86
		Debug|Any CPU = Debug|Any CPU
		Debug|ARM = Debug|ARM
		Debug|iPhone = Debug|iPhone
		Debug|iPhoneSimulator = Debug|iPhoneSimulator
		Debug|x64 = Debug|x64
		Debug|x86 = Debug|x86
		Release|Any CPU = Release|Any CPU
		Release|ARM = Release|ARM
		Release|iPhone = Release|iPhone
		Release|iPhoneSimulator = Release|iPhoneSimulator
		Release|x64 = Release|x64
		Release|x86 = Release|x86
	EndGlobalSection
	GlobalSection(ProjectConfigurationPlatforms) = postSolution
		{DEA42B2B-2122-4D30-93A7-95316733B5BC}.Ad-Hoc|Any CPU.ActiveCfg = Release|Any CPU
		{DEA42B2B-2122-4D30-93A7-95316733B5BC}.Ad-Hoc|Any CPU.Build.0 = Release|Any CPU
		{DEA42B2B-2122-4D30-93A7-95316733B5BC}.Ad-Hoc|Any CPU.Deploy.0 = Release|Any CPU
		{DEA42B2B-2122-4D30-93A7-95316733B5BC}.Ad-Hoc|ARM.ActiveCfg = Release|Any CPU
		{DEA42B2B-2122-4D30-93A7-95316733B5BC}.Ad-Hoc|ARM.Build.0 = Release|Any CPU
		{DEA42B2B-2122-4D30-93A7-95316733B5BC}.Ad-Hoc|ARM.Deploy.0 = Release|Any CPU
		{DEA42B2B-2122-4D30-93A7-95316733B5BC}.Ad-Hoc|iPhone.ActiveCfg = Release|Any CPU
		{DEA42B2B-2122-4D30-93A7-95316733B5BC}.Ad-Hoc|iPhone.Build.0 = Release|Any CPU
		{DEA42B2B-2122-4D30-93A7-95316733B5BC}.Ad-Hoc|iPhone.Deploy.0 = Release|Any CPU
		{DEA42B2B-2122-4D30-93A7-95316733B5BC}.Ad-Hoc|iPhoneSimulator.ActiveCfg = Release|Any CPU
		{DEA42B2B-2122-4D30-93A7-95316733B5BC}.Ad-Hoc|iPhoneSimulator.Build.0 = Release|Any CPU
		{DEA42B2B-2122-4D30-93A7-95316733B5BC}.Ad-Hoc|iPhoneSimulator.Deploy.0 = Release|Any CPU
		{DEA42B2B-2122-4D30-93A7-95316733B5BC}.Ad-Hoc|x64.ActiveCfg = Release|Any CPU
		{DEA42B2B-2122-4D30-93A7-95316733B5BC}.Ad-Hoc|x64.Build.0 = Release|Any CPU
		{DEA42B2B-2122-4D30-93A7-95316733B5BC}.Ad-Hoc|x64.Deploy.0 = Release|Any CPU
		{DEA42B2B-2122-4D30-93A7-95316733B5BC}.Ad-Hoc|x86.ActiveCfg = Release|Any CPU
		{DEA42B2B-2122-4D30-93A7-95316733B5BC}.Ad-Hoc|x86.Build.0 = Release|Any CPU
		{DEA42B2B-2122-4D30-93A7-95316733B5BC}.Ad-Hoc|x86.Deploy.0 = Release|Any CPU
		{DEA42B2B-2122-4D30-93A7-95316733B5BC}.AppStore|Any CPU.ActiveCfg = Release|Any CPU
		{DEA42B2B-2122-4D30-93A7-95316733B5BC}.AppStore|Any CPU.Build.0 = Release|Any CPU
		{DEA42B2B-2122-4D30-93A7-95316733B5BC}.AppStore|Any CPU.Deploy.0 = Release|Any CPU
		{DEA42B2B-2122-4D30-93A7-95316733B5BC}.AppStore|ARM.ActiveCfg = Release|Any CPU
		{DEA42B2B-2122-4D30-93A7-95316733B5BC}.AppStore|ARM.Build.0 = Release|Any CPU
		{DEA42B2B-2122-4D30-93A7-95316733B5BC}.AppStore|ARM.Deploy.0 = Release|Any CPU
		{DEA42B2B-2122-4D30-93A7-95316733B5BC}.AppStore|iPhone.ActiveCfg = Release|Any CPU
		{DEA42B2B-2122-4D30-93A7-95316733B5BC}.AppStore|iPhone.Build.0 = Release|Any CPU
		{DEA42B2B-2122-4D30-93A7-95316733B5BC}.AppStore|iPhone.Deploy.0 = Release|Any CPU
		{DEA42B2B-2122-4D30-93A7-95316733B5BC}.AppStore|iPhoneSimulator.ActiveCfg = Release|Any CPU
		{DEA42B2B-2122-4D30-93A7-95316733B5BC}.AppStore|iPhoneSimulator.Build.0 = Release|Any CPU
		{DEA42B2B-2122-4D30-93A7-95316733B5BC}.AppStore|iPhoneSimulator.Deploy.0 = Release|Any CPU
		{DEA42B2B-2122-4D30-93A7-95316733B5BC}.AppStore|x64.ActiveCfg = Release|Any CPU
		{DEA42B2B-2122-4D30-93A7-95316733B5BC}.AppStore|x64.Build.0 = Release|Any CPU
		{DEA42B2B-2122-4D30-93A7-95316733B5BC}.AppStore|x64.Deploy.0 = Release|Any CPU
		{DEA42B2B-2122-4D30-93A7-95316733B5BC}.AppStore|x86.ActiveCfg = Release|Any CPU
		{DEA42B2B-2122-4D30-93A7-95316733B5BC}.AppStore|x86.Build.0 = Release|Any CPU
		{DEA42B2B-2122-4D30-93A7-95316733B5BC}.AppStore|x86.Deploy.0 = Release|Any CPU
		{DEA42B2B-2122-4D30-93A7-95316733B5BC}.Debug|Any CPU.ActiveCfg = Debug|Any CPU
		{DEA42B2B-2122-4D30-93A7-95316733B5BC}.Debug|Any CPU.Build.0 = Debug|Any CPU
		{DEA42B2B-2122-4D30-93A7-95316733B5BC}.Debug|Any CPU.Deploy.0 = Debug|Any CPU
		{DEA42B2B-2122-4D30-93A7-95316733B5BC}.Debug|ARM.ActiveCfg = Debug|Any CPU
		{DEA42B2B-2122-4D30-93A7-95316733B5BC}.Debug|ARM.Build.0 = Debug|Any CPU
		{DEA42B2B-2122-4D30-93A7-95316733B5BC}.Debug|ARM.Deploy.0 = Debug|Any CPU
		{DEA42B2B-2122-4D30-93A7-95316733B5BC}.Debug|iPhone.ActiveCfg = Debug|Any CPU
		{DEA42B2B-2122-4D30-93A7-95316733B5BC}.Debug|iPhone.Build.0 = Debug|Any CPU
		{DEA42B2B-2122-4D30-93A7-95316733B5BC}.Debug|iPhone.Deploy.0 = Debug|Any CPU
		{DEA42B2B-2122-4D30-93A7-95316733B5BC}.Debug|iPhoneSimulator.ActiveCfg = Debug|Any CPU
		{DEA42B2B-2122-4D30-93A7-95316733B5BC}.Debug|iPhoneSimulator.Build.0 = Debug|Any CPU
		{DEA42B2B-2122-4D30-93A7-95316733B5BC}.Debug|iPhoneSimulator.Deploy.0 = Debug|Any CPU
		{DEA42B2B-2122-4D30-93A7-95316733B5BC}.Debug|x64.ActiveCfg = Debug|Any CPU
		{DEA42B2B-2122-4D30-93A7-95316733B5BC}.Debug|x64.Build.0 = Debug|Any CPU
		{DEA42B2B-2122-4D30-93A7-95316733B5BC}.Debug|x64.Deploy.0 = Debug|Any CPU
		{DEA42B2B-2122-4D30-93A7-95316733B5BC}.Debug|x86.ActiveCfg = Debug|Any CPU
		{DEA42B2B-2122-4D30-93A7-95316733B5BC}.Debug|x86.Build.0 = Debug|Any CPU
		{DEA42B2B-2122-4D30-93A7-95316733B5BC}.Debug|x86.Deploy.0 = Debug|Any CPU
		{DEA42B2B-2122-4D30-93A7-95316733B5BC}.Release|Any CPU.ActiveCfg = Release|Any CPU
		{DEA42B2B-2122-4D30-93A7-95316733B5BC}.Release|Any CPU.Build.0 = Release|Any CPU
		{DEA42B2B-2122-4D30-93A7-95316733B5BC}.Release|Any CPU.Deploy.0 = Release|Any CPU
		{DEA42B2B-2122-4D30-93A7-95316733B5BC}.Release|ARM.ActiveCfg = Release|Any CPU
		{DEA42B2B-2122-4D30-93A7-95316733B5BC}.Release|ARM.Build.0 = Release|Any CPU
		{DEA42B2B-2122-4D30-93A7-95316733B5BC}.Release|ARM.Deploy.0 = Release|Any CPU
		{DEA42B2B-2122-4D30-93A7-95316733B5BC}.Release|iPhone.ActiveCfg = Release|Any CPU
		{DEA42B2B-2122-4D30-93A7-95316733B5BC}.Release|iPhone.Build.0 = Release|Any CPU
		{DEA42B2B-2122-4D30-93A7-95316733B5BC}.Release|iPhone.Deploy.0 = Release|Any CPU
		{DEA42B2B-2122-4D30-93A7-95316733B5BC}.Release|iPhoneSimulator.ActiveCfg = Release|Any CPU
		{DEA42B2B-2122-4D30-93A7-95316733B5BC}.Release|iPhoneSimulator.Build.0 = Release|Any CPU
		{DEA42B2B-2122-4D30-93A7-95316733B5BC}.Release|iPhoneSimulator.Deploy.0 = Release|Any CPU
		{DEA42B2B-2122-4D30-93A7-95316733B5BC}.Release|x64.ActiveCfg = Release|Any CPU
		{DEA42B2B-2122-4D30-93A7-95316733B5BC}.Release|x64.Build.0 = Release|Any CPU
		{DEA42B2B-2122-4D30-93A7-95316733B5BC}.Release|x64.Deploy.0 = Release|Any CPU
		{DEA42B2B-2122-4D30-93A7-95316733B5BC}.Release|x86.ActiveCfg = Release|Any CPU
		{DEA42B2B-2122-4D30-93A7-95316733B5BC}.Release|x86.Build.0 = Release|Any CPU
		{DEA42B2B-2122-4D30-93A7-95316733B5BC}.Release|x86.Deploy.0 = Release|Any CPU
		{0579BB76-3AEA-495B-B2C3-724D6874DE35}.Ad-Hoc|Any CPU.ActiveCfg = Release|Any CPU
		{0579BB76-3AEA-495B-B2C3-724D6874DE35}.Ad-Hoc|Any CPU.Build.0 = Release|Any CPU
		{0579BB76-3AEA-495B-B2C3-724D6874DE35}.Ad-Hoc|ARM.ActiveCfg = Release|Any CPU
		{0579BB76-3AEA-495B-B2C3-724D6874DE35}.Ad-Hoc|ARM.Build.0 = Release|Any CPU
		{0579BB76-3AEA-495B-B2C3-724D6874DE35}.Ad-Hoc|iPhone.ActiveCfg = Release|Any CPU
		{0579BB76-3AEA-495B-B2C3-724D6874DE35}.Ad-Hoc|iPhone.Build.0 = Release|Any CPU
		{0579BB76-3AEA-495B-B2C3-724D6874DE35}.Ad-Hoc|iPhoneSimulator.ActiveCfg = Release|Any CPU
		{0579BB76-3AEA-495B-B2C3-724D6874DE35}.Ad-Hoc|iPhoneSimulator.Build.0 = Release|Any CPU
		{0579BB76-3AEA-495B-B2C3-724D6874DE35}.Ad-Hoc|x64.ActiveCfg = Release|Any CPU
		{0579BB76-3AEA-495B-B2C3-724D6874DE35}.Ad-Hoc|x64.Build.0 = Release|Any CPU
		{0579BB76-3AEA-495B-B2C3-724D6874DE35}.Ad-Hoc|x86.ActiveCfg = Release|Any CPU
		{0579BB76-3AEA-495B-B2C3-724D6874DE35}.Ad-Hoc|x86.Build.0 = Release|Any CPU
		{0579BB76-3AEA-495B-B2C3-724D6874DE35}.AppStore|Any CPU.ActiveCfg = Release|Any CPU
		{0579BB76-3AEA-495B-B2C3-724D6874DE35}.AppStore|Any CPU.Build.0 = Release|Any CPU
		{0579BB76-3AEA-495B-B2C3-724D6874DE35}.AppStore|ARM.ActiveCfg = Release|Any CPU
		{0579BB76-3AEA-495B-B2C3-724D6874DE35}.AppStore|ARM.Build.0 = Release|Any CPU
		{0579BB76-3AEA-495B-B2C3-724D6874DE35}.AppStore|iPhone.ActiveCfg = Release|Any CPU
		{0579BB76-3AEA-495B-B2C3-724D6874DE35}.AppStore|iPhone.Build.0 = Release|Any CPU
		{0579BB76-3AEA-495B-B2C3-724D6874DE35}.AppStore|iPhoneSimulator.ActiveCfg = Release|Any CPU
		{0579BB76-3AEA-495B-B2C3-724D6874DE35}.AppStore|iPhoneSimulator.Build.0 = Release|Any CPU
		{0579BB76-3AEA-495B-B2C3-724D6874DE35}.AppStore|x64.ActiveCfg = Release|Any CPU
		{0579BB76-3AEA-495B-B2C3-724D6874DE35}.AppStore|x64.Build.0 = Release|Any CPU
		{0579BB76-3AEA-495B-B2C3-724D6874DE35}.AppStore|x86.ActiveCfg = Release|Any CPU
		{0579BB76-3AEA-495B-B2C3-724D6874DE35}.AppStore|x86.Build.0 = Release|Any CPU
		{0579BB76-3AEA-495B-B2C3-724D6874DE35}.Debug|Any CPU.ActiveCfg = Debug|Any CPU
		{0579BB76-3AEA-495B-B2C3-724D6874DE35}.Debug|Any CPU.Build.0 = Debug|Any CPU
		{0579BB76-3AEA-495B-B2C3-724D6874DE35}.Debug|ARM.ActiveCfg = Debug|Any CPU
		{0579BB76-3AEA-495B-B2C3-724D6874DE35}.Debug|ARM.Build.0 = Debug|Any CPU
		{0579BB76-3AEA-495B-B2C3-724D6874DE35}.Debug|iPhone.ActiveCfg = Debug|Any CPU
		{0579BB76-3AEA-495B-B2C3-724D6874DE35}.Debug|iPhone.Build.0 = Debug|Any CPU
		{0579BB76-3AEA-495B-B2C3-724D6874DE35}.Debug|iPhoneSimulator.ActiveCfg = Debug|Any CPU
		{0579BB76-3AEA-495B-B2C3-724D6874DE35}.Debug|iPhoneSimulator.Build.0 = Debug|Any CPU
		{0579BB76-3AEA-495B-B2C3-724D6874DE35}.Debug|x64.ActiveCfg = Debug|Any CPU
		{0579BB76-3AEA-495B-B2C3-724D6874DE35}.Debug|x64.Build.0 = Debug|Any CPU
		{0579BB76-3AEA-495B-B2C3-724D6874DE35}.Debug|x86.ActiveCfg = Debug|Any CPU
		{0579BB76-3AEA-495B-B2C3-724D6874DE35}.Debug|x86.Build.0 = Debug|Any CPU
		{0579BB76-3AEA-495B-B2C3-724D6874DE35}.Release|Any CPU.ActiveCfg = Release|Any CPU
		{0579BB76-3AEA-495B-B2C3-724D6874DE35}.Release|Any CPU.Build.0 = Release|Any CPU
		{0579BB76-3AEA-495B-B2C3-724D6874DE35}.Release|ARM.ActiveCfg = Release|Any CPU
		{0579BB76-3AEA-495B-B2C3-724D6874DE35}.Release|ARM.Build.0 = Release|Any CPU
		{0579BB76-3AEA-495B-B2C3-724D6874DE35}.Release|iPhone.ActiveCfg = Release|Any CPU
		{0579BB76-3AEA-495B-B2C3-724D6874DE35}.Release|iPhone.Build.0 = Release|Any CPU
		{0579BB76-3AEA-495B-B2C3-724D6874DE35}.Release|iPhoneSimulator.ActiveCfg = Release|Any CPU
		{0579BB76-3AEA-495B-B2C3-724D6874DE35}.Release|iPhoneSimulator.Build.0 = Release|Any CPU
		{0579BB76-3AEA-495B-B2C3-724D6874DE35}.Release|x64.ActiveCfg = Release|Any CPU
		{0579BB76-3AEA-495B-B2C3-724D6874DE35}.Release|x64.Build.0 = Release|Any CPU
		{0579BB76-3AEA-495B-B2C3-724D6874DE35}.Release|x86.ActiveCfg = Release|Any CPU
		{0579BB76-3AEA-495B-B2C3-724D6874DE35}.Release|x86.Build.0 = Release|Any CPU
		{962D76F1-48C0-4467-92F9-14501DB9C182}.Ad-Hoc|Any CPU.ActiveCfg = Release|x86
		{962D76F1-48C0-4467-92F9-14501DB9C182}.Ad-Hoc|Any CPU.Build.0 = Release|x86
		{962D76F1-48C0-4467-92F9-14501DB9C182}.Ad-Hoc|Any CPU.Deploy.0 = Release|x86
		{962D76F1-48C0-4467-92F9-14501DB9C182}.Ad-Hoc|ARM.ActiveCfg = Release|ARM
		{962D76F1-48C0-4467-92F9-14501DB9C182}.Ad-Hoc|ARM.Build.0 = Release|ARM
		{962D76F1-48C0-4467-92F9-14501DB9C182}.Ad-Hoc|ARM.Deploy.0 = Release|ARM
		{962D76F1-48C0-4467-92F9-14501DB9C182}.Ad-Hoc|iPhone.ActiveCfg = Release|x86
		{962D76F1-48C0-4467-92F9-14501DB9C182}.Ad-Hoc|iPhone.Build.0 = Release|x86
		{962D76F1-48C0-4467-92F9-14501DB9C182}.Ad-Hoc|iPhone.Deploy.0 = Release|x86
		{962D76F1-48C0-4467-92F9-14501DB9C182}.Ad-Hoc|iPhoneSimulator.ActiveCfg = Release|x86
		{962D76F1-48C0-4467-92F9-14501DB9C182}.Ad-Hoc|iPhoneSimulator.Build.0 = Release|x86
		{962D76F1-48C0-4467-92F9-14501DB9C182}.Ad-Hoc|iPhoneSimulator.Deploy.0 = Release|x86
		{962D76F1-48C0-4467-92F9-14501DB9C182}.Ad-Hoc|x64.ActiveCfg = Release|x64
		{962D76F1-48C0-4467-92F9-14501DB9C182}.Ad-Hoc|x64.Build.0 = Release|x64
		{962D76F1-48C0-4467-92F9-14501DB9C182}.Ad-Hoc|x64.Deploy.0 = Release|x64
		{962D76F1-48C0-4467-92F9-14501DB9C182}.Ad-Hoc|x86.ActiveCfg = Release|x86
		{962D76F1-48C0-4467-92F9-14501DB9C182}.Ad-Hoc|x86.Build.0 = Release|x86
		{962D76F1-48C0-4467-92F9-14501DB9C182}.Ad-Hoc|x86.Deploy.0 = Release|x86
		{962D76F1-48C0-4467-92F9-14501DB9C182}.AppStore|Any CPU.ActiveCfg = Release|x86
		{962D76F1-48C0-4467-92F9-14501DB9C182}.AppStore|Any CPU.Build.0 = Release|x86
		{962D76F1-48C0-4467-92F9-14501DB9C182}.AppStore|Any CPU.Deploy.0 = Release|x86
		{962D76F1-48C0-4467-92F9-14501DB9C182}.AppStore|ARM.ActiveCfg = Release|ARM
		{962D76F1-48C0-4467-92F9-14501DB9C182}.AppStore|ARM.Build.0 = Release|ARM
		{962D76F1-48C0-4467-92F9-14501DB9C182}.AppStore|ARM.Deploy.0 = Release|ARM
		{962D76F1-48C0-4467-92F9-14501DB9C182}.AppStore|iPhone.ActiveCfg = Release|x86
		{962D76F1-48C0-4467-92F9-14501DB9C182}.AppStore|iPhone.Build.0 = Release|x86
		{962D76F1-48C0-4467-92F9-14501DB9C182}.AppStore|iPhone.Deploy.0 = Release|x86
		{962D76F1-48C0-4467-92F9-14501DB9C182}.AppStore|iPhoneSimulator.ActiveCfg = Release|x86
		{962D76F1-48C0-4467-92F9-14501DB9C182}.AppStore|iPhoneSimulator.Build.0 = Release|x86
		{962D76F1-48C0-4467-92F9-14501DB9C182}.AppStore|iPhoneSimulator.Deploy.0 = Release|x86
		{962D76F1-48C0-4467-92F9-14501DB9C182}.AppStore|x64.ActiveCfg = Release|x64
		{962D76F1-48C0-4467-92F9-14501DB9C182}.AppStore|x64.Build.0 = Release|x64
		{962D76F1-48C0-4467-92F9-14501DB9C182}.AppStore|x64.Deploy.0 = Release|x64
		{962D76F1-48C0-4467-92F9-14501DB9C182}.AppStore|x86.ActiveCfg = Release|x86
		{962D76F1-48C0-4467-92F9-14501DB9C182}.AppStore|x86.Build.0 = Release|x86
		{962D76F1-48C0-4467-92F9-14501DB9C182}.AppStore|x86.Deploy.0 = Release|x86
		{962D76F1-48C0-4467-92F9-14501DB9C182}.Debug|Any CPU.ActiveCfg = Debug|x86
		{962D76F1-48C0-4467-92F9-14501DB9C182}.Debug|ARM.ActiveCfg = Debug|ARM
		{962D76F1-48C0-4467-92F9-14501DB9C182}.Debug|ARM.Build.0 = Debug|ARM
		{962D76F1-48C0-4467-92F9-14501DB9C182}.Debug|ARM.Deploy.0 = Debug|ARM
		{962D76F1-48C0-4467-92F9-14501DB9C182}.Debug|iPhone.ActiveCfg = Debug|x86
		{962D76F1-48C0-4467-92F9-14501DB9C182}.Debug|iPhoneSimulator.ActiveCfg = Debug|x86
		{962D76F1-48C0-4467-92F9-14501DB9C182}.Debug|x64.ActiveCfg = Debug|x64
		{962D76F1-48C0-4467-92F9-14501DB9C182}.Debug|x64.Build.0 = Debug|x64
		{962D76F1-48C0-4467-92F9-14501DB9C182}.Debug|x64.Deploy.0 = Debug|x64
		{962D76F1-48C0-4467-92F9-14501DB9C182}.Debug|x86.ActiveCfg = Debug|x86
		{962D76F1-48C0-4467-92F9-14501DB9C182}.Debug|x86.Build.0 = Debug|x86
		{962D76F1-48C0-4467-92F9-14501DB9C182}.Debug|x86.Deploy.0 = Debug|x86
		{962D76F1-48C0-4467-92F9-14501DB9C182}.Release|Any CPU.ActiveCfg = Release|x86
		{962D76F1-48C0-4467-92F9-14501DB9C182}.Release|ARM.ActiveCfg = Release|ARM
		{962D76F1-48C0-4467-92F9-14501DB9C182}.Release|ARM.Build.0 = Release|ARM
		{962D76F1-48C0-4467-92F9-14501DB9C182}.Release|ARM.Deploy.0 = Release|ARM
		{962D76F1-48C0-4467-92F9-14501DB9C182}.Release|iPhone.ActiveCfg = Release|x86
		{962D76F1-48C0-4467-92F9-14501DB9C182}.Release|iPhoneSimulator.ActiveCfg = Release|x86
		{962D76F1-48C0-4467-92F9-14501DB9C182}.Release|x64.ActiveCfg = Release|x64
		{962D76F1-48C0-4467-92F9-14501DB9C182}.Release|x64.Build.0 = Release|x64
		{962D76F1-48C0-4467-92F9-14501DB9C182}.Release|x64.Deploy.0 = Release|x64
		{962D76F1-48C0-4467-92F9-14501DB9C182}.Release|x86.ActiveCfg = Release|x86
		{962D76F1-48C0-4467-92F9-14501DB9C182}.Release|x86.Build.0 = Release|x86
		{962D76F1-48C0-4467-92F9-14501DB9C182}.Release|x86.Deploy.0 = Release|x86
		{04F872C7-A8DA-4734-9E2A-8B428217BA52}.Ad-Hoc|Any CPU.ActiveCfg = Ad-Hoc|iPhone
		{04F872C7-A8DA-4734-9E2A-8B428217BA52}.Ad-Hoc|ARM.ActiveCfg = Ad-Hoc|iPhone
		{04F872C7-A8DA-4734-9E2A-8B428217BA52}.Ad-Hoc|iPhone.ActiveCfg = Ad-Hoc|iPhone
		{04F872C7-A8DA-4734-9E2A-8B428217BA52}.Ad-Hoc|iPhone.Build.0 = Ad-Hoc|iPhone
		{04F872C7-A8DA-4734-9E2A-8B428217BA52}.Ad-Hoc|iPhoneSimulator.ActiveCfg = Ad-Hoc|iPhoneSimulator
		{04F872C7-A8DA-4734-9E2A-8B428217BA52}.Ad-Hoc|iPhoneSimulator.Build.0 = Ad-Hoc|iPhoneSimulator
		{04F872C7-A8DA-4734-9E2A-8B428217BA52}.Ad-Hoc|x64.ActiveCfg = Ad-Hoc|iPhone
		{04F872C7-A8DA-4734-9E2A-8B428217BA52}.Ad-Hoc|x86.ActiveCfg = Ad-Hoc|iPhone
		{04F872C7-A8DA-4734-9E2A-8B428217BA52}.AppStore|Any CPU.ActiveCfg = AppStore|iPhone
		{04F872C7-A8DA-4734-9E2A-8B428217BA52}.AppStore|ARM.ActiveCfg = AppStore|iPhone
		{04F872C7-A8DA-4734-9E2A-8B428217BA52}.AppStore|iPhone.ActiveCfg = AppStore|iPhone
		{04F872C7-A8DA-4734-9E2A-8B428217BA52}.AppStore|iPhone.Build.0 = AppStore|iPhone
		{04F872C7-A8DA-4734-9E2A-8B428217BA52}.AppStore|iPhoneSimulator.ActiveCfg = AppStore|iPhoneSimulator
		{04F872C7-A8DA-4734-9E2A-8B428217BA52}.AppStore|iPhoneSimulator.Build.0 = AppStore|iPhoneSimulator
		{04F872C7-A8DA-4734-9E2A-8B428217BA52}.AppStore|x64.ActiveCfg = AppStore|iPhone
		{04F872C7-A8DA-4734-9E2A-8B428217BA52}.AppStore|x86.ActiveCfg = AppStore|iPhone
		{04F872C7-A8DA-4734-9E2A-8B428217BA52}.Debug|Any CPU.ActiveCfg = Debug|iPhone
		{04F872C7-A8DA-4734-9E2A-8B428217BA52}.Debug|ARM.ActiveCfg = Debug|iPhone
		{04F872C7-A8DA-4734-9E2A-8B428217BA52}.Debug|iPhone.ActiveCfg = Debug|iPhone
		{04F872C7-A8DA-4734-9E2A-8B428217BA52}.Debug|iPhone.Build.0 = Debug|iPhone
		{04F872C7-A8DA-4734-9E2A-8B428217BA52}.Debug|iPhoneSimulator.ActiveCfg = Debug|iPhoneSimulator
		{04F872C7-A8DA-4734-9E2A-8B428217BA52}.Debug|iPhoneSimulator.Build.0 = Debug|iPhoneSimulator
		{04F872C7-A8DA-4734-9E2A-8B428217BA52}.Debug|x64.ActiveCfg = Debug|iPhone
		{04F872C7-A8DA-4734-9E2A-8B428217BA52}.Debug|x86.ActiveCfg = Debug|iPhone
		{04F872C7-A8DA-4734-9E2A-8B428217BA52}.Release|Any CPU.ActiveCfg = Release|iPhone
		{04F872C7-A8DA-4734-9E2A-8B428217BA52}.Release|ARM.ActiveCfg = Release|iPhone
		{04F872C7-A8DA-4734-9E2A-8B428217BA52}.Release|iPhone.ActiveCfg = Release|iPhone
		{04F872C7-A8DA-4734-9E2A-8B428217BA52}.Release|iPhone.Build.0 = Release|iPhone
		{04F872C7-A8DA-4734-9E2A-8B428217BA52}.Release|iPhoneSimulator.ActiveCfg = Release|iPhoneSimulator
		{04F872C7-A8DA-4734-9E2A-8B428217BA52}.Release|iPhoneSimulator.Build.0 = Release|iPhoneSimulator
		{04F872C7-A8DA-4734-9E2A-8B428217BA52}.Release|x64.ActiveCfg = Release|iPhone
		{04F872C7-A8DA-4734-9E2A-8B428217BA52}.Release|x86.ActiveCfg = Release|iPhone
	EndGlobalSection
	GlobalSection(SolutionProperties) = preSolution
		HideSolutionNode = FALSE
	EndGlobalSection
	GlobalSection(ExtensibilityGlobals) = postSolution
		SolutionGuid = {370AF8D5-A679-4F3D-A7E6-CC2D244A2E63}
	EndGlobalSection
EndGlobal
